
Microsoft Visual Studio Solution File, Format Version 12.00
# Visual Studio Version 17
VisualStudioVersion = 17.7.34031.279
MinimumVisualStudioVersion = 10.0.40219.1
Project("{9A19103F-16F7-4668-BE54-9A1E7A4F7556}") = "DesafioIbid", "DesafioIbid\DesafioIbid.csproj", "{B99D98AE-1074-4518-846E-4A4E69FB4A8C}"
EndProject
Global
	GlobalSection(SolutionConfigurationPlatforms) = preSolution
		Debug|Any CPU = Debug|Any CPU
		Release|Any CPU = Release|Any CPU
	EndGlobalSection
	GlobalSection(ProjectConfigurationPlatforms) = postSolution
		{B99D98AE-1074-4518-846E-4A4E69FB4A8C}.Debug|Any CPU.ActiveCfg = Debug|Any CPU
		{B99D98AE-1074-4518-846E-4A4E69FB4A8C}.Debug|Any CPU.Build.0 = Debug|Any CPU
		{B99D98AE-1074-4518-846E-4A4E69FB4A8C}.Release|Any CPU.ActiveCfg = Release|Any CPU
		{B99D98AE-1074-4518-846E-4A4E69FB4A8C}.Release|Any CPU.Build.0 = Release|Any CPU
	EndGlobalSection
	GlobalSection(SolutionProperties) = preSolution
		HideSolutionNode = FALSE
	EndGlobalSection
	GlobalSection(ExtensibilityGlobals) = postSolution
		SolutionGuid = {FA416B7C-D75C-471C-B3D1-09D3B38622BF}
	EndGlobalSection
EndGlobal
